# THIS IS AN AUTOGENERATED FILE. DO NOT EDIT THIS FILE DIRECTLY.
# yarn lockfile v1


"@stdlib/streams-node-stdout@^0.0.6":
  version "0.0.6"
  resolved "https://registry.yarnpkg.com/@stdlib/streams-node-stdout/-/streams-node-stdout-0.0.6.tgz#620aacca19bebf4a0cb1ab6de38ec42f54b5bcf9"
  integrity sha512-aug2lJJ85aPFMs5nlu9v8xi1v9+scVp47M49rGB4vIho657qQPeNjiFa8fDdRpTKUHlz7CZ0pPzZJgjZI+UOpg==

minimist@^1.2.5:
  version "1.2.5"
  resolved "https://registry.yarnpkg.com/minimist/-/minimist-1.2.5.tgz#67d66014b66a6a8aaa0c083c5fd58df4e4e97602"
  integrity sha512-FM9nNUYrRBAELZQT3xeZQ7fmMOBg6nWNmJKTcgsJeaLstP/UODVpGsr5OhXhhXg6f+qtJ8uiZ+PUxkDWcgIXLw==
